// !$*UTF8*$!
{
	archiveVersion = 1;
	classes = {
	};
	objectVersion = 46;
	objects = {

/* Begin PBXBuildFile section */
		D62466FB1BED4480007612C7 /* AppDelegate.swift in Sources */ = {isa = PBXBuildFile; fileRef = D62466FA1BED4480007612C7 /* AppDelegate.swift */; };
		D62466FD1BED4480007612C7 /* ViewController.swift in Sources */ = {isa = PBXBuildFile; fileRef = D62466FC1BED4480007612C7 /* ViewController.swift */; };
		D62467001BED4480007612C7 /* Main.storyboard in Resources */ = {isa = PBXBuildFile; fileRef = D62466FE1BED4480007612C7 /* Main.storyboard */; };
		D62467021BED4480007612C7 /* Assets.xcassets in Resources */ = {isa = PBXBuildFile; fileRef = D62467011BED4480007612C7 /* Assets.xcassets */; };
		D62467051BED4480007612C7 /* LaunchScreen.storyboard in Resources */ = {isa = PBXBuildFile; fileRef = D62467031BED4480007612C7 /* LaunchScreen.storyboard */; };
		D62467101BED4480007612C7 /* simplegameTests.swift in Sources */ = {isa = PBXBuildFile; fileRef = D624670F1BED4480007612C7 /* simplegameTests.swift */; };
		D624671B1BED4480007612C7 /* simplegameUITests.swift in Sources */ = {isa = PBXBuildFile; fileRef = D624671A1BED4480007612C7 /* simplegameUITests.swift */; };
		D62467291BED4575007612C7 /* Character.swift in Sources */ = {isa = PBXBuildFile; fileRef = D62467281BED4575007612C7 /* Character.swift */; };
		D624672B1BED4694007612C7 /* Player.swift in Sources */ = {isa = PBXBuildFile; fileRef = D624672A1BED4694007612C7 /* Player.swift */; };
		D624672D1BED47E1007612C7 /* Enemy.swift in Sources */ = {isa = PBXBuildFile; fileRef = D624672C1BED47E1007612C7 /* Enemy.swift */; };
		D624672F1BED4924007612C7 /* Kimara.swift in Sources */ = {isa = PBXBuildFile; fileRef = D624672E1BED4924007612C7 /* Kimara.swift */; };
		D62467311BED4A38007612C7 /* DevilWizard.swift in Sources */ = {isa = PBXBuildFile; fileRef = D62467301BED4A38007612C7 /* DevilWizard.swift */; };
/* End PBXBuildFile section */

/* Begin PBXContainerItemProxy section */
		D624670C1BED4480007612C7 /* PBXContainerItemProxy */ = {
			isa = PBXContainerItemProxy;
			containerPortal = D62466EF1BED4480007612C7 /* Project object */;
			proxyType = 1;
			remoteGlobalIDString = D62466F61BED4480007612C7;
			remoteInfo = simplegame;
		};
		D62467171BED4480007612C7 /* PBXContainerItemProxy */ = {
			isa = PBXContainerItemProxy;
			containerPortal = D62466EF1BED4480007612C7 /* Project object */;
			proxyType = 1;
			remoteGlobalIDString = D62466F61BED4480007612C7;
			remoteInfo = simplegame;
		};
/* End PBXContainerItemProxy section */

/* Begin PBXFileReference section */
		D62466F71BED4480007612C7 /* simplegame.app */ = {isa = PBXFileReference; explicitFileType = wrapper.application; includeInIndex = 0; path = simplegame.app; sourceTree = BUILT_PRODUCTS_DIR; };
		D62466FA1BED4480007612C7 /* AppDelegate.swift */ = {isa = PBXFileReference; lastKnownFileType = sourcecode.swift; path = AppDelegate.swift; sourceTree = "<group>"; };
		D62466FC1BED4480007612C7 /* ViewController.swift */ = {isa = PBXFileReference; lastKnownFileType = sourcecode.swift; path = ViewController.swift; sourceTree = "<group>"; };
		D62466FF1BED4480007612C7 /* Base */ = {isa = PBXFileReference; lastKnownFileType = file.storyboard; name = Base; path = Base.lproj/Main.storyboard; sourceTree = "<group>"; };
		D62467011BED4480007612C7 /* Assets.xcassets */ = {isa = PBXFileReference; lastKnownFileType = folder.assetcatalog; path = Assets.xcassets; sourceTree = "<group>"; };
		D62467041BED4480007612C7 /* Base */ = {isa = PBXFileReference; lastKnownFileType = file.storyboard; name = Base; path = Base.lproj/LaunchScreen.storyboard; sourceTree = "<group>"; };
		D62467061BED4480007612C7 /* Info.plist */ = {isa = PBXFileReference; lastKnownFileType = text.plist.xml; path = Info.plist; sourceTree = "<group>"; };
		D624670B1BED4480007612C7 /* simplegameTests.xctest */ = {isa = PBXFileReference; explicitFileType = wrapper.cfbundle; includeInIndex = 0; path = simplegameTests.xctest; sourceTree = BUILT_PRODUCTS_DIR; };
		D624670F1BED4480007612C7 /* simplegameTests.swift */ = {isa = PBXFileReference; lastKnownFileType = sourcecode.swift; path = simplegameTests.swift; sourceTree = "<group>"; };
		D62467111BED4480007612C7 /* Info.plist */ = {isa = PBXFileReference; lastKnownFileType = text.plist.xml; path = Info.plist; sourceTree = "<group>"; };
		D62467161BED4480007612C7 /* simplegameUITests.xctest */ = {isa = PBXFileReference; explicitFileType = wrapper.cfbundle; includeInIndex = 0; path = simplegameUITests.xctest; sourceTree = BUILT_PRODUCTS_DIR; };
		D624671A1BED4480007612C7 /* simplegameUITests.swift */ = {isa = PBXFileReference; lastKnownFileType = sourcecode.swift; path = simplegameUITests.swift; sourceTree = "<group>"; };
		D624671C1BED4480007612C7 /* Info.plist */ = {isa = PBXFileReference; lastKnownFileType = text.plist.xml; path = Info.plist; sourceTree = "<group>"; };
		D62467281BED4575007612C7 /* Character.swift */ = {isa = PBXFileReference; fileEncoding = 4; lastKnownFileType = sourcecode.swift; path = Character.swift; sourceTree = "<group>"; };
		D624672A1BED4694007612C7 /* Player.swift */ = {isa = PBXFileReference; fileEncoding = 4; lastKnownFileType = sourcecode.swift; path = Player.swift; sourceTree = "<group>"; };
		D624672C1BED47E1007612C7 /* Enemy.swift */ = {isa = PBXFileReference; fileEncoding = 4; lastKnownFileType = sourcecode.swift; path = Enemy.swift; sourceTree = "<group>"; };
		D624672E1BED4924007612C7 /* Kimara.swift */ = {isa = PBXFileReference; fileEncoding = 4; lastKnownFileType = sourcecode.swift; path = Kimara.swift; sourceTree = "<group>"; };
		D62467301BED4A38007612C7 /* DevilWizard.swift */ = {isa = PBXFileReference; fileEncoding = 4; lastKnownFileType = sourcecode.swift; path = DevilWizard.swift; sourceTree = "<group>"; };
/* End PBXFileReference section */

/* Begin PBXFrameworksBuildPhase section */
		D62466F41BED4480007612C7 /* Frameworks */ = {
			isa = PBXFrameworksBuildPhase;
			buildActionMask = 2147483647;
			files = (
			);
			runOnlyForDeploymentPostprocessing = 0;
		};
		D62467081BED4480007612C7 /* Frameworks */ = {
			isa = PBXFrameworksBuildPhase;
			buildActionMask = 2147483647;
			files = (
			);
			runOnlyForDeploymentPostprocessing = 0;
		};
		D62467131BED4480007612C7 /* Frameworks */ = {
			isa = PBXFrameworksBuildPhase;
			buildActionMask = 2147483647;
			files = (
			);
			runOnlyForDeploymentPostprocessing = 0;
		};
/* End PBXFrameworksBuildPhase section */

/* Begin PBXGroup section */
		D62466EE1BED4480007612C7 = {
			isa = PBXGroup;
			children = (
				D62466F91BED4480007612C7 /* simplegame */,
				D624670E1BED4480007612C7 /* simplegameTests */,
				D62467191BED4480007612C7 /* simplegameUITests */,
				D62466F81BED4480007612C7 /* Products */,
			);
			sourceTree = "<group>";
		};
		D62466F81BED4480007612C7 /* Products */ = {
			isa = PBXGroup;
			children = (
				D62466F71BED4480007612C7 /* simplegame.app */,
				D624670B1BED4480007612C7 /* simplegameTests.xctest */,
				D62467161BED4480007612C7 /* simplegameUITests.xctest */,
			);
			name = Products;
			sourceTree = "<group>";
		};
		D62466F91BED4480007612C7 /* simplegame */ = {
			isa = PBXGroup;
			children = (
				D62466FA1BED4480007612C7 /* AppDelegate.swift */,
				D62466FC1BED4480007612C7 /* ViewController.swift */,
				D62466FE1BED4480007612C7 /* Main.storyboard */,
				D62467011BED4480007612C7 /* Assets.xcassets */,
				D62467031BED4480007612C7 /* LaunchScreen.storyboard */,
				D62467061BED4480007612C7 /* Info.plist */,
				D62467281BED4575007612C7 /* Character.swift */,
				D624672A1BED4694007612C7 /* Player.swift */,
				D624672C1BED47E1007612C7 /* Enemy.swift */,
				D624672E1BED4924007612C7 /* Kimara.swift */,
				D62467301BED4A38007612C7 /* DevilWizard.swift */,
			);
			path = simplegame;
			sourceTree = "<group>";
		};
		D624670E1BED4480007612C7 /* simplegameTests */ = {
			isa = PBXGroup;
			children = (
				D624670F1BED4480007612C7 /* simplegameTests.swift */,
				D62467111BED4480007612C7 /* Info.plist */,
			);
			path = simplegameTests;
			sourceTree = "<group>";
		};
		D62467191BED4480007612C7 /* simplegameUITests */ = {
			isa = PBXGroup;
			children = (
				D624671A1BED4480007612C7 /* simplegameUITests.swift */,
				D624671C1BED4480007612C7 /* Info.plist */,
			);
			path = simplegameUITests;
			sourceTree = "<group>";
		};
/* End PBXGroup section */

/* Begin PBXNativeTarget section */
		D62466F61BED4480007612C7 /* simplegame */ = {
			isa = PBXNativeTarget;
			buildConfigurationList = D624671F1BED4480007612C7 /* Build configuration list for PBXNativeTarget "simplegame" */;
			buildPhases = (
				D62466F31BED4480007612C7 /* Sources */,
				D62466F41BED4480007612C7 /* Frameworks */,
				D62466F51BED4480007612C7 /* Resources */,
			);
			buildRules = (
			);
			dependencies = (
			);
			name = simplegame;
			productName = simplegame;
			productReference = D62466F71BED4480007612C7 /* simplegame.app */;
			productType = "com.apple.product-type.application";
		};
		D624670A1BED4480007612C7 /* simplegameTests */ = {
			isa = PBXNativeTarget;
			buildConfigurationList = D62467221BED4480007612C7 /* Build configuration list for PBXNativeTarget "simplegameTests" */;
			buildPhases = (
				D62467071BED4480007612C7 /* Sources */,
				D62467081BED4480007612C7 /* Frameworks */,
				D62467091BED4480007612C7 /* Resources */,
			);
			buildRules = (
			);
			dependencies = (
				D624670D1BED4480007612C7 /* PBXTargetDependency */,
			);
			name = simplegameTests;
			productName = simplegameTests;
			productReference = D624670B1BED4480007612C7 /* simplegameTests.xctest */;
			productType = "com.apple.product-type.bundle.unit-test";
		};
		D62467151BED4480007612C7 /* simplegameUITests */ = {
			isa = PBXNativeTarget;
			buildConfigurationList = D62467251BED4480007612C7 /* Build configuration list for PBXNativeTarget "simplegameUITests" */;
			buildPhases = (
				D62467121BED4480007612C7 /* Sources */,
				D62467131BED4480007612C7 /* Frameworks */,
				D62467141BED4480007612C7 /* Resources */,
			);
			buildRules = (
			);
			dependencies = (
				D62467181BED4480007612C7 /* PBXTargetDependency */,
			);
			name = simplegameUITests;
			productName = simplegameUITests;
			productReference = D62467161BED4480007612C7 /* simplegameUITests.xctest */;
			productType = "com.apple.product-type.bundle.ui-testing";
		};
/* End PBXNativeTarget section */

/* Begin PBXProject section */
		D62466EF1BED4480007612C7 /* Project object */ = {
			isa = PBXProject;
			attributes = {
				LastSwiftUpdateCheck = 0710;
				LastUpgradeCheck = 0710;
				ORGANIZATIONNAME = personal;
				TargetAttributes = {
					D62466F61BED4480007612C7 = {
						CreatedOnToolsVersion = 7.1;
					};
					D624670A1BED4480007612C7 = {
						CreatedOnToolsVersion = 7.1;
						TestTargetID = D62466F61BED4480007612C7;
					};
					D62467151BED4480007612C7 = {
						CreatedOnToolsVersion = 7.1;
						TestTargetID = D62466F61BED4480007612C7;
					};
				};
			};
			buildConfigurationList = D62466F21BED4480007612C7 /* Build configuration list for PBXProject "simplegame" */;
			compatibilityVersion = "Xcode 3.2";
			developmentRegion = English;
			hasScannedForEncodings = 0;
			knownRegions = (
				en,
				Base,
			);
			mainGroup = D62466EE1BED4480007612C7;
			productRefGroup = D62466F81BED4480007612C7 /* Products */;
			projectDirPath = "";
			projectRoot = "";
			targets = (
				D62466F61BED4480007612C7 /* simplegame */,
				D624670A1BED4480007612C7 /* simplegameTests */,
				D62467151BED4480007612C7 /* simplegameUITests */,
			);
		};
/* End PBXProject section */

/* Begin PBXResourcesBuildPhase section */
		D62466F51BED4480007612C7 /* Resources */ = {
			isa = PBXResourcesBuildPhase;
			buildActionMask = 2147483647;
			files = (
				D62467051BED4480007612C7 /* LaunchScreen.storyboard in Resources */,
				D62467021BED4480007612C7 /* Assets.xcassets in Resources */,
				D62467001BED4480007612C7 /* Main.storyboard in Resources */,
			);
			runOnlyForDeploymentPostprocessing = 0;
		};
		D62467091BED4480007612C7 /* Resources */ = {
			isa = PBXResourcesBuildPhase;
			buildActionMask = 2147483647;
			files = (
			);
			runOnlyForDeploymentPostprocessing = 0;
		};
		D62467141BED4480007612C7 /* Resources */ = {
			isa = PBXResourcesBuildPhase;
			buildActionMask = 2147483647;
			files = (
			);
			runOnlyForDeploymentPostprocessing = 0;
		};
/* End PBXResourcesBuildPhase section */

/* Begin PBXSourcesBuildPhase section */
		D62466F31BED4480007612C7 /* Sources */ = {
			isa = PBXSourcesBuildPhase;
			buildActionMask = 2147483647;
			files = (
				D624672B1BED4694007612C7 /* Player.swift in Sources */,
				D624672D1BED47E1007612C7 /* Enemy.swift in Sources */,
				D62467311BED4A38007612C7 /* DevilWizard.swift in Sources */,
				D624672F1BED4924007612C7 /* Kimara.swift in Sources */,
				D62467291BED4575007612C7 /* Character.swift in Sources */,
				D62466FD1BED4480007612C7 /* ViewController.swift in Sources */,
				D62466FB1BED4480007612C7 /* AppDelegate.swift in Sources */,
			);
			runOnlyForDeploymentPostprocessing = 0;
		};
		D62467071BED4480007612C7 /* Sources */ = {
			isa = PBXSourcesBuildPhase;
			buildActionMask = 2147483647;
			files = (
				D62467101BED4480007612C7 /* simplegameTests.swift in Sources */,
			);
			runOnlyForDeploymentPostprocessing = 0;
		};
		D62467121BED4480007612C7 /* Sources */ = {
			isa = PBXSourcesBuildPhase;
			buildActionMask = 2147483647;
			files = (
				D624671B1BED4480007612C7 /* simplegameUITests.swift in Sources */,
			);
			runOnlyForDeploymentPostprocessing = 0;
		};
/* End PBXSourcesBuildPhase section */

/* Begin PBXTargetDependency section */
		D624670D1BED4480007612C7 /* PBXTargetDependency */ = {
			isa = PBXTargetDependency;
			target = D62466F61BED4480007612C7 /* simplegame */;
			targetProxy = D624670C1BED4480007612C7 /* PBXContainerItemProxy */;
		};
		D62467181BED4480007612C7 /* PBXTargetDependency */ = {
			isa = PBXTargetDependency;
			target = D62466F61BED4480007612C7 /* simplegame */;
			targetProxy = D62467171BED4480007612C7 /* PBXContainerItemProxy */;
		};
/* End PBXTargetDependency section */

/* Begin PBXVariantGroup section */
		D62466FE1BED4480007612C7 /* Main.storyboard */ = {
			isa = PBXVariantGroup;
			children = (
				D62466FF1BED4480007612C7 /* Base */,
			);
			name = Main.storyboard;
			sourceTree = "<group>";
		};
		D62467031BED4480007612C7 /* LaunchScreen.storyboard */ = {
			isa = PBXVariantGroup;
			children = (
				D62467041BED4480007612C7 /* Base */,
			);
			name = LaunchScreen.storyboard;
			sourceTree = "<group>";
		};
/* End PBXVariantGroup section */

/* Begin XCBuildConfiguration section */
		D624671D1BED4480007612C7 /* Debug */ = {
			isa = XCBuildConfiguration;
			buildSettings = {
				ALWAYS_SEARCH_USER_PATHS = NO;
				CLANG_CXX_LANGUAGE_STANDARD = "gnu++0x";
				CLANG_CXX_LIBRARY = "libc++";
				CLANG_ENABLE_MODULES = YES;
				CLANG_ENABLE_OBJC_ARC = YES;
				CLANG_WARN_BOOL_CONVERSION = YES;
				CLANG_WARN_CONSTANT_CONVERSION = YES;
				CLANG_WARN_DIRECT_OBJC_ISA_USAGE = YES_ERROR;
				CLANG_WARN_EMPTY_BODY = YES;
				CLANG_WARN_ENUM_CONVERSION = YES;
				CLANG_WARN_INT_CONVERSION = YES;
				CLANG_WARN_OBJC_ROOT_CLASS = YES_ERROR;
				CLANG_WARN_UNREACHABLE_CODE = YES;
				CLANG_WARN__DUPLICATE_METHOD_MATCH = YES;
				"CODE_SIGN_IDENTITY[sdk=iphoneos*]" = "iPhone Developer";
				COPY_PHASE_STRIP = NO;
				DEBUG_INFORMATION_FORMAT = dwarf;
				ENABLE_STRICT_OBJC_MSGSEND = YES;
				ENABLE_TESTABILITY = YES;
				GCC_C_LANGUAGE_STANDARD = gnu99;
				GCC_DYNAMIC_NO_PIC = NO;
				GCC_NO_COMMON_BLOCKS = YES;
				GCC_OPTIMIZATION_LEVEL = 0;
				GCC_PREPROCESSOR_DEFINITIONS = (
					"DEBUG=1",
					"$(inherited)",
				);
				GCC_WARN_64_TO_32_BIT_CONVERSION = YES;
				GCC_WARN_ABOUT_RETURN_TYPE = YES_ERROR;
				GCC_WARN_UNDECLARED_SELECTOR = YES;
				GCC_WARN_UNINITIALIZED_AUTOS = YES_AGGRESSIVE;
				GCC_WARN_UNUSED_FUNCTION = YES;
				GCC_WARN_UNUSED_VARIABLE = YES;
				IPHONEOS_DEPLOYMENT_TARGET = 9.1;
				MTL_ENABLE_DEBUG_INFO = YES;
				ONLY_ACTIVE_ARCH = YES;
				SDKROOT = iphoneos;
				SWIFT_OPTIMIZATION_LEVEL = "-Onone";
			};
			name = Debug;
		};
		D624671E1BED4480007612C7 /* Release */ = {
			isa = XCBuildConfiguration;
			buildSettings = {
				ALWAYS_SEARCH_USER_PATHS = NO;
				CLANG_CXX_LANGUAGE_STANDARD = "gnu++0x";
				CLANG_CXX_LIBRARY = "libc++";
				CLANG_ENABLE_MODULES = YES;
				CLANG_ENABLE_OBJC_ARC = YES;
				CLANG_WARN_BOOL_CONVERSION = YES;
				CLANG_WARN_CONSTANT_CONVERSION = YES;
				CLANG_WARN_DIRECT_OBJC_ISA_USAGE = YES_ERROR;
				CLANG_WARN_EMPTY_BODY = YES;
				CLANG_WARN_ENUM_CONVERSION = YES;
				CLANG_WARN_INT_CONVERSION = YES;
				CLANG_WARN_OBJC_ROOT_CLASS = YES_ERROR;
				CLANG_WARN_UNREACHABLE_CODE = YES;
				CLANG_WARN__DUPLICATE_METHOD_MATCH = YES;
				"CODE_SIGN_IDENTITY[sdk=iphoneos*]" = "iPhone Developer";
				COPY_PHASE_STRIP = NO;
				DEBUG_INFORMATION_FORMAT = "dwarf-with-dsym";
				ENABLE_NS_ASSERTIONS = NO;
				ENABLE_STRICT_OBJC_MSGSEND = YES;
				GCC_C_LANGUAGE_STANDARD = gnu99;
				GCC_NO_COMMON_BLOCKS = YES;
				GCC_WARN_64_TO_32_BIT_CONVERSION = YES;
				GCC_WARN_ABOUT_RETURN_TYPE = YES_ERROR;
				GCC_WARN_UNDECLARED_SELECTOR = YES;
				GCC_WARN_UNINITIALIZED_AUTOS = YES_AGGRESSIVE;
				GCC_WARN_UNUSED_FUNCTION = YES;
				GCC_WARN_UNUSED_VARIABLE = YES;
				IPHONEOS_DEPLOYMENT_TARGET = 9.1;
				MTL_ENABLE_DEBUG_INFO = NO;
				SDKROOT = iphoneos;
				VALIDATE_PRODUCT = YES;
			};
			name = Release;
		};
		D62467201BED4480007612C7 /* Debug */ = {
			isa = XCBuildConfiguration;
			buildSettings = {
				ASSETCATALOG_COMPILER_APPICON_NAME = AppIcon;
				INFOPLIST_FILE = simplegame/Info.plist;
				LD_RUNPATH_SEARCH_PATHS = "$(inherited) @executable_path/Frameworks";
				PRODUCT_BUNDLE_IDENTIFIER = com.personal.simplegame;
				PRODUCT_NAME = "$(TARGET_NAME)";
			};
			name = Debug;
		};
		D62467211BED4480007612C7 /* Release */ = {
			isa = XCBuildConfiguration;
			buildSettings = {
				ASSETCATALOG_COMPILER_APPICON_NAME = AppIcon;
				INFOPLIST_FILE = simplegame/Info.plist;
				LD_RUNPATH_SEARCH_PATHS = "$(inherited) @executable_path/Frameworks";
				PRODUCT_BUNDLE_IDENTIFIER = com.personal.simplegame;
				PRODUCT_NAME = "$(TARGET_NAME)";
			};
			name = Release;
		};
		D62467231BED4480007612C7 /* Debug */ = {
			isa = XCBuildConfiguration;
			buildSettings = {
				BUNDLE_LOADER = "$(TEST_HOST)";
				INFOPLIST_FILE = simplegameTests/Info.plist;
				LD_RUNPATH_SEARCH_PATHS = "$(inherited) @executable_path/Frameworks @loader_path/Frameworks";
				PRODUCT_BUNDLE_IDENTIFIER = com.personal.simplegameTests;
				PRODUCT_NAME = "$(TARGET_NAME)";
				TEST_HOST = "$(BUILT_PRODUCTS_DIR)/simplegame.app/simplegame";
			};
			name = Debug;
		};
		D62467241BED4480007612C7 /* Release */ = {
			isa = XCBuildConfiguration;
			buildSettings = {
				BUNDLE_LOADER = "$(TEST_HOST)";
				INFOPLIST_FILE = simplegameTests/Info.plist;
				LD_RUNPATH_SEARCH_PATHS = "$(inherited) @executable_path/Frameworks @loader_path/Frameworks";
				PRODUCT_BUNDLE_IDENTIFIER = com.personal.simplegameTests;
				PRODUCT_NAME = "$(TARGET_NAME)";
				TEST_HOST = "$(BUILT_PRODUCTS_DIR)/simplegame.app/simplegame";
			};
			name = Release;
		};
		D62467261BED4480007612C7 /* Debug */ = {
			isa = XCBuildConfiguration;
			buildSettings = {
				INFOPLIST_FILE = simplegameUITests/Info.plist;
				LD_RUNPATH_SEARCH_PATHS = "$(inherited) @executable_path/Frameworks @loader_path/Frameworks";
				PRODUCT_BUNDLE_IDENTIFIER = com.personal.simplegameUITests;
				PRODUCT_NAME = "$(TARGET_NAME)";
				TEST_TARGET_NAME = simplegame;
				USES_XCTRUNNER = YES;
			};
			name = Debug;
		};
		D62467271BED4480007612C7 /* Release */ = {
			isa = XCBuildConfiguration;
			buildSettings = {
				INFOPLIST_FILE = simplegameUITests/Info.plist;
				LD_RUNPATH_SEARCH_PATHS = "$(inherited) @executable_path/Frameworks @loader_path/Frameworks";
				PRODUCT_BUNDLE_IDENTIFIER = com.personal.simplegameUITests;
				PRODUCT_NAME = "$(TARGET_NAME)";
				TEST_TARGET_NAME = simplegame;
				USES_XCTRUNNER = YES;
			};
			name = Release;
		};
/* End XCBuildConfiguration section */

/* Begin XCConfigurationList section */
		D62466F21BED4480007612C7 /* Build configuration list for PBXProject "simplegame" */ = {
			isa = XCConfigurationList;
			buildConfigurations = (
				D624671D1BED4480007612C7 /* Debug */,
				D624671E1BED4480007612C7 /* Release */,
			);
			defaultConfigurationIsVisible = 0;
			defaultConfigurationName = Release;
		};
		D624671F1BED4480007612C7 /* Build configuration list for PBXNativeTarget "simplegame" */ = {
			isa = XCConfigurationList;
			buildConfigurations = (
				D62467201BED4480007612C7 /* Debug */,
				D62467211BED4480007612C7 /* Release */,
			);
			defaultConfigurationIsVisible = 0;
		};
		D62467221BED4480007612C7 /* Build configuration list for PBXNativeTarget "simplegameTests" */ = {
			isa = XCConfigurationList;
			buildConfigurations = (
				D62467231BED4480007612C7 /* Debug */,
				D62467241BED4480007612C7 /* Release */,
			);
			defaultConfigurationIsVisible = 0;
		};
		D62467251BED4480007612C7 /* Build configuration list for PBXNativeTarget "simplegameUITests" */ = {
			isa = XCConfigurationList;
			buildConfigurations = (
				D62467261BED4480007612C7 /* Debug */,
				D62467271BED4480007612C7 /* Release */,
			);
			defaultConfigurationIsVisible = 0;
		};
/* End XCConfigurationList section */
	};
	rootObject = D62466EF1BED4480007612C7 /* Project object */;
}
